
Microsoft Visual Studio Solution File, Format Version 12.00
# Visual Studio Version 17
VisualStudioVersion = 17.8.34525.116
MinimumVisualStudioVersion = 10.0.40219.1
Project("{FAE04EC0-301F-11D3-BF4B-00C04F79EFBC}") = "EsercizioUtenteBED4", "EsercizioUtenteBED4\EsercizioUtenteBED4.csproj", "{BAFCB833-DB09-4D3D-BE57-F2772A67DA82}"
EndProject
Global
	GlobalSection(SolutionConfigurationPlatforms) = preSolution
		Debug|Any CPU = Debug|Any CPU
		Release|Any CPU = Release|Any CPU
	EndGlobalSection
	GlobalSection(ProjectConfigurationPlatforms) = postSolution
		{BAFCB833-DB09-4D3D-BE57-F2772A67DA82}.Debug|Any CPU.ActiveCfg = Debug|Any CPU
		{BAFCB833-DB09-4D3D-BE57-F2772A67DA82}.Debug|Any CPU.Build.0 = Debug|Any CPU
		{BAFCB833-DB09-4D3D-BE57-F2772A67DA82}.Release|Any CPU.ActiveCfg = Release|Any CPU
		{BAFCB833-DB09-4D3D-BE57-F2772A67DA82}.Release|Any CPU.Build.0 = Release|Any CPU
	EndGlobalSection
	GlobalSection(SolutionProperties) = preSolution
		HideSolutionNode = FALSE
	EndGlobalSection
	GlobalSection(ExtensibilityGlobals) = postSolution
		SolutionGuid = {959E99CE-BF1F-465A-9496-09B23450D131}
	EndGlobalSection
EndGlobal
